# THIS IS AN AUTOGENERATED FILE. DO NOT EDIT THIS FILE DIRECTLY.
# yarn lockfile v1


angular-animate@^1.6.7:
  version "1.6.7"
  resolved "https://registry.yarnpkg.com/angular-animate/-/angular-animate-1.6.7.tgz#bc6dbe6a190d019a6fbb2c7373d40f01cfd75899"

angular-aria@^1.6.7:
  version "1.6.7"
  resolved "https://registry.yarnpkg.com/angular-aria/-/angular-aria-1.6.7.tgz#a108a10fc6616914f6e56a6c2072da87f4e6d342"

angular-material@^1.1.5:
  version "1.1.5"
  resolved "https://registry.yarnpkg.com/angular-material/-/angular-material-1.1.5.tgz#a5450cd8205e15a7691edc389476094cf86d592b"

angular-messages@^1.6.7:
  version "1.6.7"
  resolved "https://registry.yarnpkg.com/angular-messages/-/angular-messages-1.6.7.tgz#b82943d442929d787547814b394f3481bd36f7e0"

angular@1.6.7:
  version "1.6.7"
  resolved "https://registry.yarnpkg.com/angular/-/angular-1.6.7.tgz#0f89837dae1776b01ccb1fa2096db0d9373d9897"

bootstrap@^3.3.7:
  version "3.3.7"
  resolved "https://registry.yarnpkg.com/bootstrap/-/bootstrap-3.3.7.tgz#5a389394549f23330875a3b150656574f8a9eb71"

font-awesome@^4.7.0:
  version "4.7.0"
  resolved "https://registry.yarnpkg.com/font-awesome/-/font-awesome-4.7.0.tgz#8fa8cf0411a1a31afd07b06d2902bb9fc815a133"

jquery@^3.2.1:
  version "3.2.1"
  resolved "https://registry.yarnpkg.com/jquery/-/jquery-3.2.1.tgz#5c4d9de652af6cd0a770154a631bba12b015c787"

material-design-icons-iconfont@^3.0.3:
  version "3.0.3"
  resolved "https://registry.yarnpkg.com/material-design-icons-iconfont/-/material-design-icons-iconfont-3.0.3.tgz#154a1084047d4e27237fa7f5a37e1075ceea6df2"
